// !$*UTF8*$!
{
	archiveVersion = 1;
	classes = {
	};
	objectVersion = 46;
	objects = {

/* Begin PBXBuildFile section */
		8400929F1CCF43D600F89A56 /* tolua.h in CopyFiles */ = {isa = PBXBuildFile; fileRef = 8400929E1CCF43D600F89A56 /* tolua.h */; };
		840092A11CCF43D600F89A56 /* tolua.m in Sources */ = {isa = PBXBuildFile; fileRef = 840092A01CCF43D600F89A56 /* tolua.m */; };
		840092A81CCF44F800F89A56 /* libluajit.a in Frameworks */ = {isa = PBXBuildFile; fileRef = 840092A71CCF44F800F89A56 /* libluajit.a */; };
		840092AA1CCF450F00F89A56 /* int64.c in Sources */ = {isa = PBXBuildFile; fileRef = 840092A91CCF450F00F89A56 /* int64.c */; };
		840092B01CCF452100F89A56 /* struct.c in Sources */ = {isa = PBXBuildFile; fileRef = 840092AF1CCF452100F89A56 /* struct.c */; };
		840092B21CCF452700F89A56 /* tolua.c in Sources */ = {isa = PBXBuildFile; fileRef = 840092B11CCF452700F89A56 /* tolua.c */; };
		8445EB151D4C9F8A00397F5E /* uint64.c in Sources */ = {isa = PBXBuildFile; fileRef = 8445EB141D4C9F8A00397F5E /* uint64.c */; };
		847759302429EB4A00173C07 /* pb.c in Sources */ = {isa = PBXBuildFile; fileRef = 847758F32429EB4900173C07 /* pb.c */; };
		847759312429EB4A00173C07 /* scanner.c in Sources */ = {isa = PBXBuildFile; fileRef = 847758F62429EB4900173C07 /* scanner.c */; };
		847759322429EB4A00173C07 /* yaml.c in Sources */ = {isa = PBXBuildFile; fileRef = 847758F72429EB4900173C07 /* yaml.c */; };
		847759332429EB4A00173C07 /* emitter.c in Sources */ = {isa = PBXBuildFile; fileRef = 847758F82429EB4900173C07 /* emitter.c */; };
		847759342429EB4A00173C07 /* parser.c in Sources */ = {isa = PBXBuildFile; fileRef = 847758FA2429EB4900173C07 /* parser.c */; };
		847759352429EB4A00173C07 /* loader.c in Sources */ = {isa = PBXBuildFile; fileRef = 847758FC2429EB4900173C07 /* loader.c */; };
		847759362429EB4A00173C07 /* scanner.c in Sources */ = {isa = PBXBuildFile; fileRef = 847758FD2429EB4900173C07 /* scanner.c */; };
		847759372429EB4A00173C07 /* api.c in Sources */ = {isa = PBXBuildFile; fileRef = 847758FF2429EB4900173C07 /* api.c */; };
		847759382429EB4A00173C07 /* writer.c in Sources */ = {isa = PBXBuildFile; fileRef = 847759002429EB4900173C07 /* writer.c */; };
		847759392429EB4A00173C07 /* dumper.c in Sources */ = {isa = PBXBuildFile; fileRef = 847759022429EB4900173C07 /* dumper.c */; };
		8477593A2429EB4A00173C07 /* reader.c in Sources */ = {isa = PBXBuildFile; fileRef = 847759032429EB4900173C07 /* reader.c */; };
		8477593B2429EB4A00173C07 /* emitter.c in Sources */ = {isa = PBXBuildFile; fileRef = 847759052429EB4900173C07 /* emitter.c */; };
		8477593C2429EB4A00173C07 /* parser.c in Sources */ = {isa = PBXBuildFile; fileRef = 847759062429EB4900173C07 /* parser.c */; };
		8477593D2429EB4A00173C07 /* lua_extensions.c in Sources */ = {isa = PBXBuildFile; fileRef = 847759072429EB4900173C07 /* lua_extensions.c */; };
		8477593E2429EB4A00173C07 /* bit.c in Sources */ = {isa = PBXBuildFile; fileRef = 847759092429EB4900173C07 /* bit.c */; };
		8477593F2429EB4A00173C07 /* lpack.c in Sources */ = {isa = PBXBuildFile; fileRef = 8477590C2429EB4A00173C07 /* lpack.c */; };
		847759402429EB4A00173C07 /* lpprint.c in Sources */ = {isa = PBXBuildFile; fileRef = 847759102429EB4A00173C07 /* lpprint.c */; };
		847759412429EB4A00173C07 /* lpvm.c in Sources */ = {isa = PBXBuildFile; fileRef = 847759122429EB4A00173C07 /* lpvm.c */; };
		847759422429EB4A00173C07 /* lpcap.c in Sources */ = {isa = PBXBuildFile; fileRef = 847759142429EB4A00173C07 /* lpcap.c */; };
		847759432429EB4A00173C07 /* makefile in Sources */ = {isa = PBXBuildFile; fileRef = 847759152429EB4A00173C07 /* makefile */; };
		847759442429EB4A00173C07 /* lptree.c in Sources */ = {isa = PBXBuildFile; fileRef = 8477591F2429EB4A00173C07 /* lptree.c */; };
		847759452429EB4A00173C07 /* lpcode.c in Sources */ = {isa = PBXBuildFile; fileRef = 847759212429EB4A00173C07 /* lpcode.c */; };
		847759462429EB4A00173C07 /* lua_zlib.c in Sources */ = {isa = PBXBuildFile; fileRef = 847759232429EB4A00173C07 /* lua_zlib.c */; };
		847759472429EB4A00173C07 /* fpconv.c in Sources */ = {isa = PBXBuildFile; fileRef = 847759272429EB4A00173C07 /* fpconv.c */; };
		847759482429EB4A00173C07 /* strbuf.c in Sources */ = {isa = PBXBuildFile; fileRef = 8477592A2429EB4A00173C07 /* strbuf.c */; };
		847759492429EB4A00173C07 /* lua_cjson.c in Sources */ = {isa = PBXBuildFile; fileRef = 8477592C2429EB4A00173C07 /* lua_cjson.c */; };
		8477594A2429EB4A00173C07 /* lfs.c in Sources */ = {isa = PBXBuildFile; fileRef = 8477592E2429EB4A00173C07 /* lfs.c */; };
/* End PBXBuildFile section */

/* Begin PBXCopyFilesBuildPhase section */
		840092991CCF43D600F89A56 /* CopyFiles */ = {
			isa = PBXCopyFilesBuildPhase;
			buildActionMask = 2147483647;
			dstPath = "include/$(PRODUCT_NAME)";
			dstSubfolderSpec = 16;
			files = (
				8400929F1CCF43D600F89A56 /* tolua.h in CopyFiles */,
			);
			runOnlyForDeploymentPostprocessing = 0;
		};
/* End PBXCopyFilesBuildPhase section */

/* Begin PBXFileReference section */
		8400929B1CCF43D600F89A56 /* libtolua.a */ = {isa = PBXFileReference; explicitFileType = archive.ar; includeInIndex = 0; path = libtolua.a; sourceTree = BUILT_PRODUCTS_DIR; };
		8400929E1CCF43D600F89A56 /* tolua.h */ = {isa = PBXFileReference; lastKnownFileType = sourcecode.c.h; path = tolua.h; sourceTree = "<group>"; };
		840092A01CCF43D600F89A56 /* tolua.m */ = {isa = PBXFileReference; lastKnownFileType = sourcecode.c.objc; path = tolua.m; sourceTree = "<group>"; };
		840092A71CCF44F800F89A56 /* libluajit.a */ = {isa = PBXFileReference; lastKnownFileType = archive.ar; path = libluajit.a; sourceTree = SOURCE_ROOT; };
		840092A91CCF450F00F89A56 /* int64.c */ = {isa = PBXFileReference; fileEncoding = 4; lastKnownFileType = sourcecode.c.c; name = int64.c; path = ../../int64.c; sourceTree = "<group>"; };
		840092AF1CCF452100F89A56 /* struct.c */ = {isa = PBXFileReference; fileEncoding = 4; lastKnownFileType = sourcecode.c.c; name = struct.c; path = ../../struct.c; sourceTree = "<group>"; };
		840092B11CCF452700F89A56 /* tolua.c */ = {isa = PBXFileReference; fileEncoding = 4; lastKnownFileType = sourcecode.c.c; name = tolua.c; path = ../../tolua.c; sourceTree = "<group>"; };
		8445EB141D4C9F8A00397F5E /* uint64.c */ = {isa = PBXFileReference; fileEncoding = 4; lastKnownFileType = sourcecode.c.c; name = uint64.c; path = ../../uint64.c; sourceTree = "<group>"; };
		847758F32429EB4900173C07 /* pb.c */ = {isa = PBXFileReference; fileEncoding = 4; lastKnownFileType = sourcecode.c.c; path = pb.c; sourceTree = "<group>"; };
		847758F42429EB4900173C07 /* pb.h */ = {isa = PBXFileReference; fileEncoding = 4; lastKnownFileType = sourcecode.c.h; path = pb.h; sourceTree = "<group>"; };
		847758F62429EB4900173C07 /* scanner.c */ = {isa = PBXFileReference; fileEncoding = 4; lastKnownFileType = sourcecode.c.c; path = scanner.c; sourceTree = "<group>"; };
		847758F72429EB4900173C07 /* yaml.c */ = {isa = PBXFileReference; fileEncoding = 4; lastKnownFileType = sourcecode.c.c; path = yaml.c; sourceTree = "<group>"; };
		847758F82429EB4900173C07 /* emitter.c */ = {isa = PBXFileReference; fileEncoding = 4; lastKnownFileType = sourcecode.c.c; path = emitter.c; sourceTree = "<group>"; };
		847758F92429EB4900173C07 /* lyaml.h */ = {isa = PBXFileReference; fileEncoding = 4; lastKnownFileType = sourcecode.c.h; path = lyaml.h; sourceTree = "<group>"; };
		847758FA2429EB4900173C07 /* parser.c */ = {isa = PBXFileReference; fileEncoding = 4; lastKnownFileType = sourcecode.c.c; path = parser.c; sourceTree = "<group>"; };
		847758FC2429EB4900173C07 /* loader.c */ = {isa = PBXFileReference; fileEncoding = 4; lastKnownFileType = sourcecode.c.c; path = loader.c; sourceTree = "<group>"; };
		847758FD2429EB4900173C07 /* scanner.c */ = {isa = PBXFileReference; fileEncoding = 4; lastKnownFileType = sourcecode.c.c; path = scanner.c; sourceTree = "<group>"; };
		847758FE2429EB4900173C07 /* yaml_private.h */ = {isa = PBXFileReference; fileEncoding = 4; lastKnownFileType = sourcecode.c.h; path = yaml_private.h; sourceTree = "<group>"; };
		847758FF2429EB4900173C07 /* api.c */ = {isa = PBXFileReference; fileEncoding = 4; lastKnownFileType = sourcecode.c.c; path = api.c; sourceTree = "<group>"; };
		847759002429EB4900173C07 /* writer.c */ = {isa = PBXFileReference; fileEncoding = 4; lastKnownFileType = sourcecode.c.c; path = writer.c; sourceTree = "<group>"; };
		847759012429EB4900173C07 /* config.h */ = {isa = PBXFileReference; fileEncoding = 4; lastKnownFileType = sourcecode.c.h; path = config.h; sourceTree = "<group>"; };
		847759022429EB4900173C07 /* dumper.c */ = {isa = PBXFileReference; fileEncoding = 4; lastKnownFileType = sourcecode.c.c; path = dumper.c; sourceTree = "<group>"; };
		847759032429EB4900173C07 /* reader.c */ = {isa = PBXFileReference; fileEncoding = 4; lastKnownFileType = sourcecode.c.c; path = reader.c; sourceTree = "<group>"; };
		847759042429EB4900173C07 /* yaml.h */ = {isa = PBXFileReference; fileEncoding = 4; lastKnownFileType = sourcecode.c.h; path = yaml.h; sourceTree = "<group>"; };
		847759052429EB4900173C07 /* emitter.c */ = {isa = PBXFileReference; fileEncoding = 4; lastKnownFileType = sourcecode.c.c; path = emitter.c; sourceTree = "<group>"; };
		847759062429EB4900173C07 /* parser.c */ = {isa = PBXFileReference; fileEncoding = 4; lastKnownFileType = sourcecode.c.c; path = parser.c; sourceTree = "<group>"; };
		847759072429EB4900173C07 /* lua_extensions.c */ = {isa = PBXFileReference; fileEncoding = 4; lastKnownFileType = sourcecode.c.c; name = lua_extensions.c; path = ../../lua_extensions.c; sourceTree = "<group>"; };
		847759082429EB4900173C07 /* bit.h */ = {isa = PBXFileReference; fileEncoding = 4; lastKnownFileType = sourcecode.c.h; name = bit.h; path = ../../bit.h; sourceTree = "<group>"; };
		847759092429EB4900173C07 /* bit.c */ = {isa = PBXFileReference; fileEncoding = 4; lastKnownFileType = sourcecode.c.c; name = bit.c; path = ../../bit.c; sourceTree = "<group>"; };
		8477590B2429EB4A00173C07 /* lpack.h */ = {isa = PBXFileReference; fileEncoding = 4; lastKnownFileType = sourcecode.c.h; path = lpack.h; sourceTree = "<group>"; };
		8477590C2429EB4A00173C07 /* lpack.c */ = {isa = PBXFileReference; fileEncoding = 4; lastKnownFileType = sourcecode.c.c; path = lpack.c; sourceTree = "<group>"; };
		8477590D2429EB4A00173C07 /* struct.h */ = {isa = PBXFileReference; fileEncoding = 4; lastKnownFileType = sourcecode.c.h; name = struct.h; path = ../../struct.h; sourceTree = "<group>"; };
		8477590F2429EB4A00173C07 /* re.html */ = {isa = PBXFileReference; fileEncoding = 4; lastKnownFileType = text.html; path = re.html; sourceTree = "<group>"; };
		847759102429EB4A00173C07 /* lpprint.c */ = {isa = PBXFileReference; fileEncoding = 4; lastKnownFileType = sourcecode.c.c; path = lpprint.c; sourceTree = "<group>"; };
		847759112429EB4A00173C07 /* lpeg.html */ = {isa = PBXFileReference; fileEncoding = 4; lastKnownFileType = text.html; path = lpeg.html; sourceTree = "<group>"; };
		847759122429EB4A00173C07 /* lpvm.c */ = {isa = PBXFileReference; fileEncoding = 4; lastKnownFileType = sourcecode.c.c; path = lpvm.c; sourceTree = "<group>"; };
		847759132429EB4A00173C07 /* lptypes.h */ = {isa = PBXFileReference; fileEncoding = 4; lastKnownFileType = sourcecode.c.h; path = lptypes.h; sourceTree = "<group>"; };
		847759142429EB4A00173C07 /* lpcap.c */ = {isa = PBXFileReference; fileEncoding = 4; lastKnownFileType = sourcecode.c.c; path = lpcap.c; sourceTree = "<group>"; };
		847759152429EB4A00173C07 /* makefile */ = {isa = PBXFileReference; fileEncoding = 4; lastKnownFileType = sourcecode.make; path = makefile; sourceTree = "<group>"; };
		847759162429EB4A00173C07 /* re.lua */ = {isa = PBXFileReference; fileEncoding = 4; lastKnownFileType = text; path = re.lua; sourceTree = "<group>"; };
		847759172429EB4A00173C07 /* lptree.h */ = {isa = PBXFileReference; fileEncoding = 4; lastKnownFileType = sourcecode.c.h; path = lptree.h; sourceTree = "<group>"; };
		847759182429EB4A00173C07 /* lpcode.h */ = {isa = PBXFileReference; fileEncoding = 4; lastKnownFileType = sourcecode.c.h; path = lpcode.h; sourceTree = "<group>"; };
		847759192429EB4A00173C07 /* lpeg-128.gif */ = {isa = PBXFileReference; lastKnownFileType = image.gif; path = "lpeg-128.gif"; sourceTree = "<group>"; };
		8477591A2429EB4A00173C07 /* test.lua */ = {isa = PBXFileReference; fileEncoding = 4; lastKnownFileType = text; path = test.lua; sourceTree = "<group>"; };
		8477591B2429EB4A00173C07 /* lpcap.h */ = {isa = PBXFileReference; fileEncoding = 4; lastKnownFileType = sourcecode.c.h; path = lpcap.h; sourceTree = "<group>"; };
		8477591C2429EB4A00173C07 /* lpvm.h */ = {isa = PBXFileReference; fileEncoding = 4; lastKnownFileType = sourcecode.c.h; path = lpvm.h; sourceTree = "<group>"; };
		8477591D2429EB4A00173C07 /* HISTORY */ = {isa = PBXFileReference; fileEncoding = 4; lastKnownFileType = text; path = HISTORY; sourceTree = "<group>"; };
		8477591E2429EB4A00173C07 /* lpprint.h */ = {isa = PBXFileReference; fileEncoding = 4; lastKnownFileType = sourcecode.c.h; path = lpprint.h; sourceTree = "<group>"; };
		8477591F2429EB4A00173C07 /* lptree.c */ = {isa = PBXFileReference; fileEncoding = 4; lastKnownFileType = sourcecode.c.c; path = lptree.c; sourceTree = "<group>"; };
		847759202429EB4A00173C07 /* lpeg.h */ = {isa = PBXFileReference; fileEncoding = 4; lastKnownFileType = sourcecode.c.h; path = lpeg.h; sourceTree = "<group>"; };
		847759212429EB4A00173C07 /* lpcode.c */ = {isa = PBXFileReference; fileEncoding = 4; lastKnownFileType = sourcecode.c.c; path = lpcode.c; sourceTree = "<group>"; };
		847759232429EB4A00173C07 /* lua_zlib.c */ = {isa = PBXFileReference; fileEncoding = 4; lastKnownFileType = sourcecode.c.c; path = lua_zlib.c; sourceTree = "<group>"; };
		847759242429EB4A00173C07 /* lua_zlib.h */ = {isa = PBXFileReference; fileEncoding = 4; lastKnownFileType = sourcecode.c.h; path = lua_zlib.h; sourceTree = "<group>"; };
		847759262429EB4A00173C07 /* strbuf.h */ = {isa = PBXFileReference; fileEncoding = 4; lastKnownFileType = sourcecode.c.h; path = strbuf.h; sourceTree = "<group>"; };
		847759272429EB4A00173C07 /* fpconv.c */ = {isa = PBXFileReference; fileEncoding = 4; lastKnownFileType = sourcecode.c.c; path = fpconv.c; sourceTree = "<group>"; };
		847759282429EB4A00173C07 /* lua_cjson.h */ = {isa = PBXFileReference; fileEncoding = 4; lastKnownFileType = sourcecode.c.h; path = lua_cjson.h; sourceTree = "<group>"; };
		847759292429EB4A00173C07 /* fpconv.h */ = {isa = PBXFileReference; fileEncoding = 4; lastKnownFileType = sourcecode.c.h; path = fpconv.h; sourceTree = "<group>"; };
		8477592A2429EB4A00173C07 /* strbuf.c */ = {isa = PBXFileReference; fileEncoding = 4; lastKnownFileType = sourcecode.c.c; path = strbuf.c; sourceTree = "<group>"; };
		8477592B2429EB4A00173C07 /* WHAT */ = {isa = PBXFileReference; fileEncoding = 4; lastKnownFileType = text; path = WHAT; sourceTree = "<group>"; };
		8477592C2429EB4A00173C07 /* lua_cjson.c */ = {isa = PBXFileReference; fileEncoding = 4; lastKnownFileType = sourcecode.c.c; path = lua_cjson.c; sourceTree = "<group>"; };
		8477592E2429EB4A00173C07 /* lfs.c */ = {isa = PBXFileReference; fileEncoding = 4; lastKnownFileType = sourcecode.c.c; path = lfs.c; sourceTree = "<group>"; };
		8477592F2429EB4A00173C07 /* lfs.h */ = {isa = PBXFileReference; fileEncoding = 4; lastKnownFileType = sourcecode.c.h; path = lfs.h; sourceTree = "<group>"; };
		8477594B2429EBA300173C07 /* lua_extensions.h */ = {isa = PBXFileReference; fileEncoding = 4; lastKnownFileType = sourcecode.c.h; name = lua_extensions.h; path = ../../lua_extensions.h; sourceTree = "<group>"; };
/* End PBXFileReference section */

/* Begin PBXFrameworksBuildPhase section */
		840092981CCF43D600F89A56 /* Frameworks */ = {
			isa = PBXFrameworksBuildPhase;
			buildActionMask = 2147483647;
			files = (
				840092A81CCF44F800F89A56 /* libluajit.a in Frameworks */,
			);
			runOnlyForDeploymentPostprocessing = 0;
		};
/* End PBXFrameworksBuildPhase section */

/* Begin PBXGroup section */
		840092921CCF43D600F89A56 = {
			isa = PBXGroup;
			children = (
				8400929D1CCF43D600F89A56 /* tolua */,
				8400929C1CCF43D600F89A56 /* Products */,
			);
			sourceTree = "<group>";
		};
		8400929C1CCF43D600F89A56 /* Products */ = {
			isa = PBXGroup;
			children = (
				8400929B1CCF43D600F89A56 /* libtolua.a */,
			);
			name = Products;
			sourceTree = "<group>";
		};
		8400929D1CCF43D600F89A56 /* tolua */ = {
			isa = PBXGroup;
			children = (
				847759252429EB4A00173C07 /* cjson */,
				8477592D2429EB4A00173C07 /* lfs */,
				8477590A2429EB4A00173C07 /* lpack */,
				8477590E2429EB4A00173C07 /* lpeg */,
				847759222429EB4A00173C07 /* lua_zlib */,
				847758F52429EB4900173C07 /* lyaml */,
				847758F22429EB4900173C07 /* pb */,
				847758FB2429EB4900173C07 /* yaml */,
				8477594B2429EBA300173C07 /* lua_extensions.h */,
				847759072429EB4900173C07 /* lua_extensions.c */,
				847759082429EB4900173C07 /* bit.h */,
				847759092429EB4900173C07 /* bit.c */,
				840092A91CCF450F00F89A56 /* int64.c */,
				8445EB141D4C9F8A00397F5E /* uint64.c */,
				8477590D2429EB4A00173C07 /* struct.h */,
				840092AF1CCF452100F89A56 /* struct.c */,
				840092B11CCF452700F89A56 /* tolua.c */,
				840092A71CCF44F800F89A56 /* libluajit.a */,
				8400929E1CCF43D600F89A56 /* tolua.h */,
				840092A01CCF43D600F89A56 /* tolua.m */,
			);
			path = tolua;
			sourceTree = "<group>";
		};
		847758F22429EB4900173C07 /* pb */ = {
			isa = PBXGroup;
			children = (
				847758F32429EB4900173C07 /* pb.c */,
				847758F42429EB4900173C07 /* pb.h */,
			);
			name = pb;
			path = ../../pb;
			sourceTree = "<group>";
		};
		847758F52429EB4900173C07 /* lyaml */ = {
			isa = PBXGroup;
			children = (
				847758F62429EB4900173C07 /* scanner.c */,
				847758F72429EB4900173C07 /* yaml.c */,
				847758F82429EB4900173C07 /* emitter.c */,
				847758F92429EB4900173C07 /* lyaml.h */,
				847758FA2429EB4900173C07 /* parser.c */,
			);
			name = lyaml;
			path = ../../lyaml;
			sourceTree = "<group>";
		};
		847758FB2429EB4900173C07 /* yaml */ = {
			isa = PBXGroup;
			children = (
				847758FC2429EB4900173C07 /* loader.c */,
				847758FD2429EB4900173C07 /* scanner.c */,
				847758FE2429EB4900173C07 /* yaml_private.h */,
				847758FF2429EB4900173C07 /* api.c */,
				847759002429EB4900173C07 /* writer.c */,
				847759012429EB4900173C07 /* config.h */,
				847759022429EB4900173C07 /* dumper.c */,
				847759032429EB4900173C07 /* reader.c */,
				847759042429EB4900173C07 /* yaml.h */,
				847759052429EB4900173C07 /* emitter.c */,
				847759062429EB4900173C07 /* parser.c */,
			);
			name = yaml;
			path = ../../yaml;
			sourceTree = "<group>";
		};
		8477590A2429EB4A00173C07 /* lpack */ = {
			isa = PBXGroup;
			children = (
				8477590B2429EB4A00173C07 /* lpack.h */,
				8477590C2429EB4A00173C07 /* lpack.c */,
			);
			name = lpack;
			path = ../../lpack;
			sourceTree = "<group>";
		};
		8477590E2429EB4A00173C07 /* lpeg */ = {
			isa = PBXGroup;
			children = (
				8477590F2429EB4A00173C07 /* re.html */,
				847759102429EB4A00173C07 /* lpprint.c */,
				847759112429EB4A00173C07 /* lpeg.html */,
				847759122429EB4A00173C07 /* lpvm.c */,
				847759132429EB4A00173C07 /* lptypes.h */,
				847759142429EB4A00173C07 /* lpcap.c */,
				847759152429EB4A00173C07 /* makefile */,
				847759162429EB4A00173C07 /* re.lua */,
				847759172429EB4A00173C07 /* lptree.h */,
				847759182429EB4A00173C07 /* lpcode.h */,
				847759192429EB4A00173C07 /* lpeg-128.gif */,
				8477591A2429EB4A00173C07 /* test.lua */,
				8477591B2429EB4A00173C07 /* lpcap.h */,
				8477591C2429EB4A00173C07 /* lpvm.h */,
				8477591D2429EB4A00173C07 /* HISTORY */,
				8477591E2429EB4A00173C07 /* lpprint.h */,
				8477591F2429EB4A00173C07 /* lptree.c */,
				847759202429EB4A00173C07 /* lpeg.h */,
				847759212429EB4A00173C07 /* lpcode.c */,
			);
			name = lpeg;
			path = ../../lpeg;
			sourceTree = "<group>";
		};
		847759222429EB4A00173C07 /* lua_zlib */ = {
			isa = PBXGroup;
			children = (
				847759232429EB4A00173C07 /* lua_zlib.c */,
				847759242429EB4A00173C07 /* lua_zlib.h */,
			);
			name = lua_zlib;
			path = ../../lua_zlib;
			sourceTree = "<group>";
		};
		847759252429EB4A00173C07 /* cjson */ = {
			isa = PBXGroup;
			children = (
				847759262429EB4A00173C07 /* strbuf.h */,
				847759272429EB4A00173C07 /* fpconv.c */,
				847759282429EB4A00173C07 /* lua_cjson.h */,
				847759292429EB4A00173C07 /* fpconv.h */,
				8477592A2429EB4A00173C07 /* strbuf.c */,
				8477592B2429EB4A00173C07 /* WHAT */,
				8477592C2429EB4A00173C07 /* lua_cjson.c */,
			);
			name = cjson;
			path = ../../cjson;
			sourceTree = "<group>";
		};
		8477592D2429EB4A00173C07 /* lfs */ = {
			isa = PBXGroup;
			children = (
				8477592E2429EB4A00173C07 /* lfs.c */,
				8477592F2429EB4A00173C07 /* lfs.h */,
			);
			name = lfs;
			path = ../../lfs;
			sourceTree = "<group>";
		};
/* End PBXGroup section */

/* Begin PBXNativeTarget section */
		8400929A1CCF43D600F89A56 /* tolua */ = {
			isa = PBXNativeTarget;
			buildConfigurationList = 840092A41CCF43D600F89A56 /* Build configuration list for PBXNativeTarget "tolua" */;
			buildPhases = (
				840092971CCF43D600F89A56 /* Sources */,
				840092981CCF43D600F89A56 /* Frameworks */,
				840092991CCF43D600F89A56 /* CopyFiles */,
			);
			buildRules = (
			);
			dependencies = (
			);
			name = tolua;
			productName = tolua;
			productReference = 8400929B1CCF43D600F89A56 /* libtolua.a */;
			productType = "com.apple.product-type.library.static";
		};
/* End PBXNativeTarget section */

/* Begin PBXProject section */
		840092931CCF43D600F89A56 /* Project object */ = {
			isa = PBXProject;
			attributes = {
				LastUpgradeCheck = 0730;
				ORGANIZATIONNAME = topameng;
				TargetAttributes = {
					8400929A1CCF43D600F89A56 = {
						CreatedOnToolsVersion = 7.3;
						DevelopmentTeam = 74GCWNVM4P;
					};
				};
			};
			buildConfigurationList = 840092961CCF43D600F89A56 /* Build configuration list for PBXProject "tolua" */;
			compatibilityVersion = "Xcode 3.2";
			developmentRegion = English;
			hasScannedForEncodings = 0;
			knownRegions = (
				English,
				en,
			);
			mainGroup = 840092921CCF43D600F89A56;
			productRefGroup = 8400929C1CCF43D600F89A56 /* Products */;
			projectDirPath = "";
			projectRoot = "";
			targets = (
				8400929A1CCF43D600F89A56 /* tolua */,
			);
		};
/* End PBXProject section */

/* Begin PBXSourcesBuildPhase section */
		840092971CCF43D600F89A56 /* Sources */ = {
			isa = PBXSourcesBuildPhase;
			buildActionMask = 2147483647;
			files = (
				847759422429EB4A00173C07 /* lpcap.c in Sources */,
				847759352429EB4A00173C07 /* loader.c in Sources */,
				840092A11CCF43D600F89A56 /* tolua.m in Sources */,
				847759312429EB4A00173C07 /* scanner.c in Sources */,
				847759492429EB4A00173C07 /* lua_cjson.c in Sources */,
				8477593F2429EB4A00173C07 /* lpack.c in Sources */,
				847759462429EB4A00173C07 /* lua_zlib.c in Sources */,
				847759322429EB4A00173C07 /* yaml.c in Sources */,
				8477593C2429EB4A00173C07 /* parser.c in Sources */,
				847759362429EB4A00173C07 /* scanner.c in Sources */,
				8477593D2429EB4A00173C07 /* lua_extensions.c in Sources */,
				847759432429EB4A00173C07 /* makefile in Sources */,
				840092B01CCF452100F89A56 /* struct.c in Sources */,
				840092B21CCF452700F89A56 /* tolua.c in Sources */,
				8477593E2429EB4A00173C07 /* bit.c in Sources */,
				847759472429EB4A00173C07 /* fpconv.c in Sources */,
				847759452429EB4A00173C07 /* lpcode.c in Sources */,
				847759332429EB4A00173C07 /* emitter.c in Sources */,
				847759412429EB4A00173C07 /* lpvm.c in Sources */,
				847759302429EB4A00173C07 /* pb.c in Sources */,
				847759372429EB4A00173C07 /* api.c in Sources */,
				8445EB151D4C9F8A00397F5E /* uint64.c in Sources */,
				847759342429EB4A00173C07 /* parser.c in Sources */,
				8477593B2429EB4A00173C07 /* emitter.c in Sources */,
				847759482429EB4A00173C07 /* strbuf.c in Sources */,
				847759402429EB4A00173C07 /* lpprint.c in Sources */,
				8477593A2429EB4A00173C07 /* reader.c in Sources */,
				8477594A2429EB4A00173C07 /* lfs.c in Sources */,
				847759382429EB4A00173C07 /* writer.c in Sources */,
				847759442429EB4A00173C07 /* lptree.c in Sources */,
				847759392429EB4A00173C07 /* dumper.c in Sources */,
				840092AA1CCF450F00F89A56 /* int64.c in Sources */,
			);
			runOnlyForDeploymentPostprocessing = 0;
		};
/* End PBXSourcesBuildPhase section */

/* Begin XCBuildConfiguration section */
		840092A21CCF43D600F89A56 /* Debug */ = {
			isa = XCBuildConfiguration;
			buildSettings = {
				ALWAYS_SEARCH_USER_PATHS = NO;
				CLANG_ANALYZER_NONNULL = YES;
				CLANG_CXX_LANGUAGE_STANDARD = "gnu++0x";
				CLANG_CXX_LIBRARY = "libc++";
				CLANG_ENABLE_MODULES = YES;
				CLANG_ENABLE_OBJC_ARC = YES;
				CLANG_WARN_BOOL_CONVERSION = YES;
				CLANG_WARN_CONSTANT_CONVERSION = YES;
				CLANG_WARN_DIRECT_OBJC_ISA_USAGE = YES_ERROR;
				CLANG_WARN_EMPTY_BODY = YES;
				CLANG_WARN_ENUM_CONVERSION = YES;
				CLANG_WARN_INT_CONVERSION = YES;
				CLANG_WARN_OBJC_ROOT_CLASS = YES_ERROR;
				CLANG_WARN_UNREACHABLE_CODE = YES;
				CLANG_WARN__DUPLICATE_METHOD_MATCH = YES;
				"CODE_SIGN_IDENTITY[sdk=iphoneos*]" = "iPhone Developer";
				COPY_PHASE_STRIP = NO;
				DEBUG_INFORMATION_FORMAT = dwarf;
				ENABLE_STRICT_OBJC_MSGSEND = YES;
				ENABLE_TESTABILITY = YES;
				GCC_C_LANGUAGE_STANDARD = gnu99;
				GCC_DYNAMIC_NO_PIC = NO;
				GCC_NO_COMMON_BLOCKS = YES;
				GCC_OPTIMIZATION_LEVEL = 0;
				GCC_PREPROCESSOR_DEFINITIONS = (
					"DEBUG=1",
					"$(inherited)",
				);
				GCC_WARN_64_TO_32_BIT_CONVERSION = YES;
				GCC_WARN_ABOUT_RETURN_TYPE = YES_ERROR;
				GCC_WARN_UNDECLARED_SELECTOR = YES;
				GCC_WARN_UNINITIALIZED_AUTOS = YES_AGGRESSIVE;
				GCC_WARN_UNUSED_FUNCTION = YES;
				GCC_WARN_UNUSED_VARIABLE = YES;
				IPHONEOS_DEPLOYMENT_TARGET = 8.0;
				MTL_ENABLE_DEBUG_INFO = YES;
				ONLY_ACTIVE_ARCH = YES;
				SDKROOT = iphoneos;
			};
			name = Debug;
		};
		840092A31CCF43D600F89A56 /* Release */ = {
			isa = XCBuildConfiguration;
			buildSettings = {
				ALWAYS_SEARCH_USER_PATHS = NO;
				CLANG_ANALYZER_NONNULL = YES;
				CLANG_CXX_LANGUAGE_STANDARD = "gnu++0x";
				CLANG_CXX_LIBRARY = "libc++";
				CLANG_ENABLE_MODULES = YES;
				CLANG_ENABLE_OBJC_ARC = YES;
				CLANG_WARN_BOOL_CONVERSION = YES;
				CLANG_WARN_CONSTANT_CONVERSION = YES;
				CLANG_WARN_DIRECT_OBJC_ISA_USAGE = YES_ERROR;
				CLANG_WARN_EMPTY_BODY = YES;
				CLANG_WARN_ENUM_CONVERSION = YES;
				CLANG_WARN_INT_CONVERSION = YES;
				CLANG_WARN_OBJC_ROOT_CLASS = YES_ERROR;
				CLANG_WARN_UNREACHABLE_CODE = YES;
				CLANG_WARN__DUPLICATE_METHOD_MATCH = YES;
				"CODE_SIGN_IDENTITY[sdk=iphoneos*]" = "iPhone Developer";
				COPY_PHASE_STRIP = NO;
				DEBUG_INFORMATION_FORMAT = "dwarf-with-dsym";
				ENABLE_NS_ASSERTIONS = NO;
				ENABLE_STRICT_OBJC_MSGSEND = YES;
				GCC_C_LANGUAGE_STANDARD = gnu99;
				GCC_NO_COMMON_BLOCKS = YES;
				GCC_WARN_64_TO_32_BIT_CONVERSION = YES;
				GCC_WARN_ABOUT_RETURN_TYPE = YES_ERROR;
				GCC_WARN_UNDECLARED_SELECTOR = YES;
				GCC_WARN_UNINITIALIZED_AUTOS = YES_AGGRESSIVE;
				GCC_WARN_UNUSED_FUNCTION = YES;
				GCC_WARN_UNUSED_VARIABLE = YES;
				IPHONEOS_DEPLOYMENT_TARGET = 8.0;
				MTL_ENABLE_DEBUG_INFO = NO;
				SDKROOT = iphoneos;
				VALIDATE_PRODUCT = YES;
			};
			name = Release;
		};
		840092A51CCF43D600F89A56 /* Debug */ = {
			isa = XCBuildConfiguration;
			buildSettings = {
				CLANG_CXX_LANGUAGE_STANDARD = "gnu++0x";
				GCC_C_LANGUAGE_STANDARD = gnu99;
				HEADER_SEARCH_PATHS = "../luajit-2.1/src";
				LIBRARY_SEARCH_PATHS = (
					"$(inherited)",
					"$(PROJECT_DIR)",
				);
				ONLY_ACTIVE_ARCH = NO;
				OTHER_LDFLAGS = "-ObjC";
				PRODUCT_NAME = "$(TARGET_NAME)";
				SKIP_INSTALL = YES;
			};
			name = Debug;
		};
		840092A61CCF43D600F89A56 /* Release */ = {
			isa = XCBuildConfiguration;
			buildSettings = {
				CLANG_CXX_LANGUAGE_STANDARD = "gnu++0x";
				GCC_C_LANGUAGE_STANDARD = gnu99;
				HEADER_SEARCH_PATHS = "../luajit-2.1/src";
				LIBRARY_SEARCH_PATHS = (
					"$(inherited)",
					"$(PROJECT_DIR)",
				);
				OTHER_LDFLAGS = "-ObjC";
				PRODUCT_NAME = "$(TARGET_NAME)";
				SKIP_INSTALL = YES;
			};
			name = Release;
		};
/* End XCBuildConfiguration section */

/* Begin XCConfigurationList section */
		840092961CCF43D600F89A56 /* Build configuration list for PBXProject "tolua" */ = {
			isa = XCConfigurationList;
			buildConfigurations = (
				840092A21CCF43D600F89A56 /* Debug */,
				840092A31CCF43D600F89A56 /* Release */,
			);
			defaultConfigurationIsVisible = 0;
			defaultConfigurationName = Release;
		};
		840092A41CCF43D600F89A56 /* Build configuration list for PBXNativeTarget "tolua" */ = {
			isa = XCConfigurationList;
			buildConfigurations = (
				840092A51CCF43D600F89A56 /* Debug */,
				840092A61CCF43D600F89A56 /* Release */,
			);
			defaultConfigurationIsVisible = 0;
			defaultConfigurationName = Release;
		};
/* End XCConfigurationList section */
	};
	rootObject = 840092931CCF43D600F89A56 /* Project object */;
}
