// !$*UTF8*$!
{
	archiveVersion = 1;
	classes = {
	};
	objectVersion = 46;
	objects = {

/* Begin PBXBuildFile section */
		8400929F1CCF43D600F89A56 /* tolua.h in CopyFiles */ = {isa = PBXBuildFile; fileRef = 8400929E1CCF43D600F89A56 /* tolua.h */; };
		840092A11CCF43D600F89A56 /* tolua.m in Sources */ = {isa = PBXBuildFile; fileRef = 840092A01CCF43D600F89A56 /* tolua.m */; };
		840092A81CCF44F800F89A56 /* libluajit.a in Frameworks */ = {isa = PBXBuildFile; fileRef = 840092A71CCF44F800F89A56 /* libluajit.a */; };
		840092AA1CCF450F00F89A56 /* int64.c in Sources */ = {isa = PBXBuildFile; fileRef = 840092A91CCF450F00F89A56 /* int64.c */; };
		840092B21CCF452700F89A56 /* tolua.c in Sources */ = {isa = PBXBuildFile; fileRef = 840092B11CCF452700F89A56 /* tolua.c */; };
		8409BE6F1EF8C0B800882196 /* bit.c in Sources */ = {isa = PBXBuildFile; fileRef = 8409BE381EF8C0B800882196 /* bit.c */; };
		8409BE701EF8C0B800882196 /* fpconv.c in Sources */ = {isa = PBXBuildFile; fileRef = 8409BE3A1EF8C0B800882196 /* fpconv.c */; };
		8409BE711EF8C0B800882196 /* lua_cjson.c in Sources */ = {isa = PBXBuildFile; fileRef = 8409BE3C1EF8C0B800882196 /* lua_cjson.c */; };
		8409BE721EF8C0B800882196 /* strbuf.c in Sources */ = {isa = PBXBuildFile; fileRef = 8409BE3D1EF8C0B800882196 /* strbuf.c */; };
		8409BE731EF8C0B800882196 /* lfs.c in Sources */ = {isa = PBXBuildFile; fileRef = 8409BE411EF8C0B800882196 /* lfs.c */; };
		8409BE741EF8C0B800882196 /* lpeg.c in Sources */ = {isa = PBXBuildFile; fileRef = 8409BE431EF8C0B800882196 /* lpeg.c */; };
		8409BE751EF8C0B800882196 /* lua_extensions.c in Sources */ = {isa = PBXBuildFile; fileRef = 8409BE451EF8C0B800882196 /* lua_extensions.c */; };
		8409BE891EF8C0B800882196 /* struct.c in Sources */ = {isa = PBXBuildFile; fileRef = 8409BE6E1EF8C0B800882196 /* struct.c */; };
		8445EB151D4C9F8A00397F5E /* uint64.c in Sources */ = {isa = PBXBuildFile; fileRef = 8445EB141D4C9F8A00397F5E /* uint64.c */; };
/* End PBXBuildFile section */

/* Begin PBXCopyFilesBuildPhase section */
		840092991CCF43D600F89A56 /* CopyFiles */ = {
			isa = PBXCopyFilesBuildPhase;
			buildActionMask = 2147483647;
			dstPath = "include/$(PRODUCT_NAME)";
			dstSubfolderSpec = 16;
			files = (
				8400929F1CCF43D600F89A56 /* tolua.h in CopyFiles */,
			);
			runOnlyForDeploymentPostprocessing = 0;
		};
/* End PBXCopyFilesBuildPhase section */

/* Begin PBXFileReference section */
		8400929B1CCF43D600F89A56 /* libtolua.a */ = {isa = PBXFileReference; explicitFileType = archive.ar; includeInIndex = 0; path = libtolua.a; sourceTree = BUILT_PRODUCTS_DIR; };
		8400929E1CCF43D600F89A56 /* tolua.h */ = {isa = PBXFileReference; lastKnownFileType = sourcecode.c.h; path = tolua.h; sourceTree = "<group>"; };
		840092A01CCF43D600F89A56 /* tolua.m */ = {isa = PBXFileReference; lastKnownFileType = sourcecode.c.objc; path = tolua.m; sourceTree = "<group>"; };
		840092A71CCF44F800F89A56 /* libluajit.a */ = {isa = PBXFileReference; lastKnownFileType = archive.ar; path = libluajit.a; sourceTree = SOURCE_ROOT; };
		840092A91CCF450F00F89A56 /* int64.c */ = {isa = PBXFileReference; fileEncoding = 4; lastKnownFileType = sourcecode.c.c; name = int64.c; path = ../../int64.c; sourceTree = "<group>"; };
		840092B11CCF452700F89A56 /* tolua.c */ = {isa = PBXFileReference; fileEncoding = 4; lastKnownFileType = sourcecode.c.c; name = tolua.c; path = ../../tolua.c; sourceTree = "<group>"; };
		8409BE381EF8C0B800882196 /* bit.c */ = {isa = PBXFileReference; fileEncoding = 4; lastKnownFileType = sourcecode.c.c; path = bit.c; sourceTree = "<group>"; };
		8409BE3A1EF8C0B800882196 /* fpconv.c */ = {isa = PBXFileReference; fileEncoding = 4; lastKnownFileType = sourcecode.c.c; path = fpconv.c; sourceTree = "<group>"; };
		8409BE3B1EF8C0B800882196 /* fpconv.h */ = {isa = PBXFileReference; fileEncoding = 4; lastKnownFileType = sourcecode.c.h; path = fpconv.h; sourceTree = "<group>"; };
		8409BE3C1EF8C0B800882196 /* lua_cjson.c */ = {isa = PBXFileReference; fileEncoding = 4; lastKnownFileType = sourcecode.c.c; path = lua_cjson.c; sourceTree = "<group>"; };
		8409BE3D1EF8C0B800882196 /* strbuf.c */ = {isa = PBXFileReference; fileEncoding = 4; lastKnownFileType = sourcecode.c.c; path = strbuf.c; sourceTree = "<group>"; };
		8409BE3E1EF8C0B800882196 /* strbuf.h */ = {isa = PBXFileReference; fileEncoding = 4; lastKnownFileType = sourcecode.c.h; path = strbuf.h; sourceTree = "<group>"; };
		8409BE3F1EF8C0B800882196 /* WHAT */ = {isa = PBXFileReference; fileEncoding = 4; lastKnownFileType = text; path = WHAT; sourceTree = "<group>"; };
		8409BE411EF8C0B800882196 /* lfs.c */ = {isa = PBXFileReference; fileEncoding = 4; lastKnownFileType = sourcecode.c.c; path = lfs.c; sourceTree = "<group>"; };
		8409BE421EF8C0B800882196 /* lfs.h */ = {isa = PBXFileReference; fileEncoding = 4; lastKnownFileType = sourcecode.c.h; path = lfs.h; sourceTree = "<group>"; };
		8409BE431EF8C0B800882196 /* lpeg.c */ = {isa = PBXFileReference; fileEncoding = 4; lastKnownFileType = sourcecode.c.c; path = lpeg.c; sourceTree = "<group>"; };
		8409BE441EF8C0B800882196 /* lpeg.h */ = {isa = PBXFileReference; fileEncoding = 4; lastKnownFileType = sourcecode.c.h; path = lpeg.h; sourceTree = "<group>"; };
		8409BE451EF8C0B800882196 /* lua_extensions.c */ = {isa = PBXFileReference; fileEncoding = 4; lastKnownFileType = sourcecode.c.c; path = lua_extensions.c; sourceTree = "<group>"; };
		8409BE461EF8C0B800882196 /* lua_extensions.h */ = {isa = PBXFileReference; fileEncoding = 4; lastKnownFileType = sourcecode.c.h; path = lua_extensions.h; sourceTree = "<group>"; };
		8409BE6E1EF8C0B800882196 /* struct.c */ = {isa = PBXFileReference; fileEncoding = 4; lastKnownFileType = sourcecode.c.c; path = struct.c; sourceTree = "<group>"; };
		8409BF541EF8C58400882196 /* struct.h */ = {isa = PBXFileReference; fileEncoding = 4; lastKnownFileType = sourcecode.c.h; path = struct.h; sourceTree = "<group>"; };
		8409BF551EF8C58400882196 /* bit.h */ = {isa = PBXFileReference; fileEncoding = 4; lastKnownFileType = sourcecode.c.h; path = bit.h; sourceTree = "<group>"; };
		8409BF561EF8C58B00882196 /* lua_cjson.h */ = {isa = PBXFileReference; fileEncoding = 4; lastKnownFileType = sourcecode.c.h; path = lua_cjson.h; sourceTree = "<group>"; };
		8445EB141D4C9F8A00397F5E /* uint64.c */ = {isa = PBXFileReference; fileEncoding = 4; lastKnownFileType = sourcecode.c.c; name = uint64.c; path = ../../uint64.c; sourceTree = "<group>"; };
/* End PBXFileReference section */

/* Begin PBXFrameworksBuildPhase section */
		840092981CCF43D600F89A56 /* Frameworks */ = {
			isa = PBXFrameworksBuildPhase;
			buildActionMask = 2147483647;
			files = (
				840092A81CCF44F800F89A56 /* libluajit.a in Frameworks */,
			);
			runOnlyForDeploymentPostprocessing = 0;
		};
/* End PBXFrameworksBuildPhase section */

/* Begin PBXGroup section */
		840092921CCF43D600F89A56 = {
			isa = PBXGroup;
			children = (
				8400929D1CCF43D600F89A56 /* tolua */,
				8400929C1CCF43D600F89A56 /* Products */,
			);
			sourceTree = "<group>";
		};
		8400929C1CCF43D600F89A56 /* Products */ = {
			isa = PBXGroup;
			children = (
				8400929B1CCF43D600F89A56 /* libtolua.a */,
			);
			name = Products;
			sourceTree = "<group>";
		};
		8400929D1CCF43D600F89A56 /* tolua */ = {
			isa = PBXGroup;
			children = (
				8409BE371EF8C0B800882196 /* lua_extensions */,
				840092A91CCF450F00F89A56 /* int64.c */,
				8445EB141D4C9F8A00397F5E /* uint64.c */,
				840092B11CCF452700F89A56 /* tolua.c */,
				840092A71CCF44F800F89A56 /* libluajit.a */,
				8400929E1CCF43D600F89A56 /* tolua.h */,
				840092A01CCF43D600F89A56 /* tolua.m */,
			);
			path = tolua;
			sourceTree = "<group>";
		};
		8409BE371EF8C0B800882196 /* lua_extensions */ = {
			isa = PBXGroup;
			children = (
				8409BF541EF8C58400882196 /* struct.h */,
				8409BF551EF8C58400882196 /* bit.h */,
				8409BE391EF8C0B800882196 /* cjson */,
				8409BE401EF8C0B800882196 /* lfs */,
				8409BE431EF8C0B800882196 /* lpeg.c */,
				8409BE381EF8C0B800882196 /* bit.c */,
				8409BE441EF8C0B800882196 /* lpeg.h */,
				8409BE451EF8C0B800882196 /* lua_extensions.c */,
				8409BE461EF8C0B800882196 /* lua_extensions.h */,
				8409BE6E1EF8C0B800882196 /* struct.c */,
			);
			name = lua_extensions;
			path = ../../lua_extensions;
			sourceTree = "<group>";
		};
		8409BE391EF8C0B800882196 /* cjson */ = {
			isa = PBXGroup;
			children = (
				8409BF561EF8C58B00882196 /* lua_cjson.h */,
				8409BE3A1EF8C0B800882196 /* fpconv.c */,
				8409BE3B1EF8C0B800882196 /* fpconv.h */,
				8409BE3C1EF8C0B800882196 /* lua_cjson.c */,
				8409BE3D1EF8C0B800882196 /* strbuf.c */,
				8409BE3E1EF8C0B800882196 /* strbuf.h */,
				8409BE3F1EF8C0B800882196 /* WHAT */,
			);
			path = cjson;
			sourceTree = "<group>";
		};
		8409BE401EF8C0B800882196 /* lfs */ = {
			isa = PBXGroup;
			children = (
				8409BE411EF8C0B800882196 /* lfs.c */,
				8409BE421EF8C0B800882196 /* lfs.h */,
			);
			path = lfs;
			sourceTree = "<group>";
		};
/* End PBXGroup section */

/* Begin PBXNativeTarget section */
		8400929A1CCF43D600F89A56 /* tolua */ = {
			isa = PBXNativeTarget;
			buildConfigurationList = 840092A41CCF43D600F89A56 /* Build configuration list for PBXNativeTarget "tolua" */;
			buildPhases = (
				840092971CCF43D600F89A56 /* Sources */,
				840092981CCF43D600F89A56 /* Frameworks */,
				840092991CCF43D600F89A56 /* CopyFiles */,
			);
			buildRules = (
			);
			dependencies = (
			);
			name = tolua;
			productName = tolua;
			productReference = 8400929B1CCF43D600F89A56 /* libtolua.a */;
			productType = "com.apple.product-type.library.static";
		};
/* End PBXNativeTarget section */

/* Begin PBXProject section */
		840092931CCF43D600F89A56 /* Project object */ = {
			isa = PBXProject;
			attributes = {
				LastUpgradeCheck = 0730;
				ORGANIZATIONNAME = topameng;
				TargetAttributes = {
					8400929A1CCF43D600F89A56 = {
						CreatedOnToolsVersion = 7.3;
						DevelopmentTeam = 74GCWNVM4P;
					};
				};
			};
			buildConfigurationList = 840092961CCF43D600F89A56 /* Build configuration list for PBXProject "tolua" */;
			compatibilityVersion = "Xcode 3.2";
			developmentRegion = English;
			hasScannedForEncodings = 0;
			knownRegions = (
				en,
			);
			mainGroup = 840092921CCF43D600F89A56;
			productRefGroup = 8400929C1CCF43D600F89A56 /* Products */;
			projectDirPath = "";
			projectRoot = "";
			targets = (
				8400929A1CCF43D600F89A56 /* tolua */,
			);
		};
/* End PBXProject section */

/* Begin PBXSourcesBuildPhase section */
		840092971CCF43D600F89A56 /* Sources */ = {
			isa = PBXSourcesBuildPhase;
			buildActionMask = 2147483647;
			files = (
				8409BE731EF8C0B800882196 /* lfs.c in Sources */,
				840092A11CCF43D600F89A56 /* tolua.m in Sources */,
				840092B21CCF452700F89A56 /* tolua.c in Sources */,
				8445EB151D4C9F8A00397F5E /* uint64.c in Sources */,
				8409BE701EF8C0B800882196 /* fpconv.c in Sources */,
				8409BE741EF8C0B800882196 /* lpeg.c in Sources */,
				8409BE751EF8C0B800882196 /* lua_extensions.c in Sources */,
				8409BE891EF8C0B800882196 /* struct.c in Sources */,
				840092AA1CCF450F00F89A56 /* int64.c in Sources */,
				8409BE6F1EF8C0B800882196 /* bit.c in Sources */,
				8409BE711EF8C0B800882196 /* lua_cjson.c in Sources */,
				8409BE721EF8C0B800882196 /* strbuf.c in Sources */,
			);
			runOnlyForDeploymentPostprocessing = 0;
		};
/* End PBXSourcesBuildPhase section */

/* Begin XCBuildConfiguration section */
		840092A21CCF43D600F89A56 /* Debug */ = {
			isa = XCBuildConfiguration;
			buildSettings = {
				ALWAYS_SEARCH_USER_PATHS = NO;
				CLANG_ANALYZER_NONNULL = YES;
				CLANG_CXX_LANGUAGE_STANDARD = "gnu++0x";
				CLANG_CXX_LIBRARY = "libc++";
				CLANG_ENABLE_MODULES = YES;
				CLANG_ENABLE_OBJC_ARC = YES;
				CLANG_WARN_BOOL_CONVERSION = YES;
				CLANG_WARN_CONSTANT_CONVERSION = YES;
				CLANG_WARN_DIRECT_OBJC_ISA_USAGE = YES_ERROR;
				CLANG_WARN_EMPTY_BODY = YES;
				CLANG_WARN_ENUM_CONVERSION = YES;
				CLANG_WARN_INT_CONVERSION = YES;
				CLANG_WARN_OBJC_ROOT_CLASS = YES_ERROR;
				CLANG_WARN_UNREACHABLE_CODE = YES;
				CLANG_WARN__DUPLICATE_METHOD_MATCH = YES;
				"CODE_SIGN_IDENTITY[sdk=iphoneos*]" = "iPhone Developer";
				COPY_PHASE_STRIP = NO;
				DEBUG_INFORMATION_FORMAT = dwarf;
				ENABLE_STRICT_OBJC_MSGSEND = YES;
				ENABLE_TESTABILITY = YES;
				GCC_C_LANGUAGE_STANDARD = gnu99;
				GCC_DYNAMIC_NO_PIC = NO;
				GCC_NO_COMMON_BLOCKS = YES;
				GCC_OPTIMIZATION_LEVEL = 0;
				GCC_PREPROCESSOR_DEFINITIONS = (
					"DEBUG=1",
					"$(inherited)",
				);
				GCC_WARN_64_TO_32_BIT_CONVERSION = YES;
				GCC_WARN_ABOUT_RETURN_TYPE = YES_ERROR;
				GCC_WARN_UNDECLARED_SELECTOR = YES;
				GCC_WARN_UNINITIALIZED_AUTOS = YES_AGGRESSIVE;
				GCC_WARN_UNUSED_FUNCTION = YES;
				GCC_WARN_UNUSED_VARIABLE = YES;
				IPHONEOS_DEPLOYMENT_TARGET = 9.3;
				MTL_ENABLE_DEBUG_INFO = YES;
				ONLY_ACTIVE_ARCH = YES;
				SDKROOT = iphoneos;
			};
			name = Debug;
		};
		840092A31CCF43D600F89A56 /* Release */ = {
			isa = XCBuildConfiguration;
			buildSettings = {
				ALWAYS_SEARCH_USER_PATHS = NO;
				CLANG_ANALYZER_NONNULL = YES;
				CLANG_CXX_LANGUAGE_STANDARD = "gnu++0x";
				CLANG_CXX_LIBRARY = "libc++";
				CLANG_ENABLE_MODULES = YES;
				CLANG_ENABLE_OBJC_ARC = YES;
				CLANG_WARN_BOOL_CONVERSION = YES;
				CLANG_WARN_CONSTANT_CONVERSION = YES;
				CLANG_WARN_DIRECT_OBJC_ISA_USAGE = YES_ERROR;
				CLANG_WARN_EMPTY_BODY = YES;
				CLANG_WARN_ENUM_CONVERSION = YES;
				CLANG_WARN_INT_CONVERSION = YES;
				CLANG_WARN_OBJC_ROOT_CLASS = YES_ERROR;
				CLANG_WARN_UNREACHABLE_CODE = YES;
				CLANG_WARN__DUPLICATE_METHOD_MATCH = YES;
				"CODE_SIGN_IDENTITY[sdk=iphoneos*]" = "iPhone Developer";
				COPY_PHASE_STRIP = NO;
				DEBUG_INFORMATION_FORMAT = "dwarf-with-dsym";
				ENABLE_NS_ASSERTIONS = NO;
				ENABLE_STRICT_OBJC_MSGSEND = YES;
				GCC_C_LANGUAGE_STANDARD = gnu99;
				GCC_NO_COMMON_BLOCKS = YES;
				GCC_WARN_64_TO_32_BIT_CONVERSION = YES;
				GCC_WARN_ABOUT_RETURN_TYPE = YES_ERROR;
				GCC_WARN_UNDECLARED_SELECTOR = YES;
				GCC_WARN_UNINITIALIZED_AUTOS = YES_AGGRESSIVE;
				GCC_WARN_UNUSED_FUNCTION = YES;
				GCC_WARN_UNUSED_VARIABLE = YES;
				IPHONEOS_DEPLOYMENT_TARGET = 9.3;
				MTL_ENABLE_DEBUG_INFO = NO;
				SDKROOT = iphoneos;
				VALIDATE_PRODUCT = YES;
			};
			name = Release;
		};
		840092A51CCF43D600F89A56 /* Debug */ = {
			isa = XCBuildConfiguration;
			buildSettings = {
				CLANG_CXX_LANGUAGE_STANDARD = "c++0x";
				GCC_C_LANGUAGE_STANDARD = c99;
				HEADER_SEARCH_PATHS = "../luajit-2.1/src";
				LIBRARY_SEARCH_PATHS = (
					"$(inherited)",
					"$(PROJECT_DIR)",
				);
				ONLY_ACTIVE_ARCH = NO;
				OTHER_LDFLAGS = "-ObjC";
				PRODUCT_NAME = "$(TARGET_NAME)";
				SKIP_INSTALL = YES;
			};
			name = Debug;
		};
		840092A61CCF43D600F89A56 /* Release */ = {
			isa = XCBuildConfiguration;
			buildSettings = {
				CLANG_CXX_LANGUAGE_STANDARD = "c++0x";
				GCC_C_LANGUAGE_STANDARD = c99;
				HEADER_SEARCH_PATHS = "../luajit-2.1/src";
				LIBRARY_SEARCH_PATHS = (
					"$(inherited)",
					"$(PROJECT_DIR)",
				);
				OTHER_LDFLAGS = "-ObjC";
				PRODUCT_NAME = "$(TARGET_NAME)";
				SKIP_INSTALL = YES;
			};
			name = Release;
		};
/* End XCBuildConfiguration section */

/* Begin XCConfigurationList section */
		840092961CCF43D600F89A56 /* Build configuration list for PBXProject "tolua" */ = {
			isa = XCConfigurationList;
			buildConfigurations = (
				840092A21CCF43D600F89A56 /* Debug */,
				840092A31CCF43D600F89A56 /* Release */,
			);
			defaultConfigurationIsVisible = 0;
			defaultConfigurationName = Release;
		};
		840092A41CCF43D600F89A56 /* Build configuration list for PBXNativeTarget "tolua" */ = {
			isa = XCConfigurationList;
			buildConfigurations = (
				840092A51CCF43D600F89A56 /* Debug */,
				840092A61CCF43D600F89A56 /* Release */,
			);
			defaultConfigurationIsVisible = 0;
			defaultConfigurationName = Release;
		};
/* End XCConfigurationList section */
	};
	rootObject = 840092931CCF43D600F89A56 /* Project object */;
}
